// !$*UTF8*$!
{
	archiveVersion = 1;
	classes = {
	};
	objectVersion = 50;
	objects = {

/* Begin PBXBuildFile section */
		48F2CC6D21A448D1006A6A26 /* Main.storyboard in Resources */ = {isa = PBXBuildFile; fileRef = 48F2CC6B21A448D1006A6A26 /* Main.storyboard */; };
		48F2CC6F21A448D2006A6A26 /* Assets.xcassets in Resources */ = {isa = PBXBuildFile; fileRef = 48F2CC6E21A448D2006A6A26 /* Assets.xcassets */; };
		48F2CC7221A448D2006A6A26 /* LaunchScreen.storyboard in Resources */ = {isa = PBXBuildFile; fileRef = 48F2CC7021A448D2006A6A26 /* LaunchScreen.storyboard */; };
		48F2CC7521A448D2006A6A26 /* main.m in Sources */ = {isa = PBXBuildFile; fileRef = 48F2CC7421A448D2006A6A26 /* main.m */; };
		48F2CC7F21A448D2006A6A26 /* SHClientInfoTests.m in Sources */ = {isa = PBXBuildFile; fileRef = 48F2CC7E21A448D2006A6A26 /* SHClientInfoTests.m */; };
		48F2CC8A21A448D2006A6A26 /* SHClientInfoUITests.m in Sources */ = {isa = PBXBuildFile; fileRef = 48F2CC8921A448D2006A6A26 /* SHClientInfoUITests.m */; };
		48F2CCA221A4492F006A6A26 /* SHViewController.m in Sources */ = {isa = PBXBuildFile; fileRef = 48F2CC9A21A4492F006A6A26 /* SHViewController.m */; };
		48F2CCA321A4492F006A6A26 /* SHAppDelegate.m in Sources */ = {isa = PBXBuildFile; fileRef = 48F2CCA121A4492F006A6A26 /* SHAppDelegate.m */; };
		48F2CCA621A44F17006A6A26 /* SHInfoModel.m in Sources */ = {isa = PBXBuildFile; fileRef = 48F2CCA521A44F17006A6A26 /* SHInfoModel.m */; };
		48F2CCA921A45959006A6A26 /* SHDeviceInfoManager.m in Sources */ = {isa = PBXBuildFile; fileRef = 48F2CCA821A45959006A6A26 /* SHDeviceInfoManager.m */; };
		48F2CCAC21A459FE006A6A26 /* SHNetWorkInfoManager.m in Sources */ = {isa = PBXBuildFile; fileRef = 48F2CCAB21A459FE006A6A26 /* SHNetWorkInfoManager.m */; };
		48F2CCAF21A45A44006A6A26 /* SHBatteryInfoManager.m in Sources */ = {isa = PBXBuildFile; fileRef = 48F2CCAE21A45A44006A6A26 /* SHBatteryInfoManager.m */; };
		48F2CCB221A45AB0006A6A26 /* SHDeviceDataLibrery.m in Sources */ = {isa = PBXBuildFile; fileRef = 48F2CCB121A45AB0006A6A26 /* SHDeviceDataLibrery.m */; };
		48F2CCB521A4FD18006A6A26 /* SHClientModel.m in Sources */ = {isa = PBXBuildFile; fileRef = 48F2CCB421A4FD18006A6A26 /* SHClientModel.m */; };
		48F2CCB821A50376006A6A26 /* SHClientCell.m in Sources */ = {isa = PBXBuildFile; fileRef = 48F2CCB721A50376006A6A26 /* SHClientCell.m */; };
/* End PBXBuildFile section */

/* Begin PBXContainerItemProxy section */
		48F2CC7B21A448D2006A6A26 /* PBXContainerItemProxy */ = {
			isa = PBXContainerItemProxy;
			containerPortal = 48F2CC5A21A448D1006A6A26 /* Project object */;
			proxyType = 1;
			remoteGlobalIDString = 48F2CC6121A448D1006A6A26;
			remoteInfo = SHClientInfo;
		};
		48F2CC8621A448D2006A6A26 /* PBXContainerItemProxy */ = {
			isa = PBXContainerItemProxy;
			containerPortal = 48F2CC5A21A448D1006A6A26 /* Project object */;
			proxyType = 1;
			remoteGlobalIDString = 48F2CC6121A448D1006A6A26;
			remoteInfo = SHClientInfo;
		};
/* End PBXContainerItemProxy section */

/* Begin PBXFileReference section */
		48F2CC6221A448D1006A6A26 /* SHClientInfo.app */ = {isa = PBXFileReference; explicitFileType = wrapper.application; includeInIndex = 0; path = SHClientInfo.app; sourceTree = BUILT_PRODUCTS_DIR; };
		48F2CC6C21A448D1006A6A26 /* Base */ = {isa = PBXFileReference; lastKnownFileType = file.storyboard; name = Base; path = Base.lproj/Main.storyboard; sourceTree = "<group>"; };
		48F2CC6E21A448D2006A6A26 /* Assets.xcassets */ = {isa = PBXFileReference; lastKnownFileType = folder.assetcatalog; path = Assets.xcassets; sourceTree = "<group>"; };
		48F2CC7121A448D2006A6A26 /* Base */ = {isa = PBXFileReference; lastKnownFileType = file.storyboard; name = Base; path = Base.lproj/LaunchScreen.storyboard; sourceTree = "<group>"; };
		48F2CC7321A448D2006A6A26 /* Info.plist */ = {isa = PBXFileReference; lastKnownFileType = text.plist.xml; path = Info.plist; sourceTree = "<group>"; };
		48F2CC7421A448D2006A6A26 /* main.m */ = {isa = PBXFileReference; lastKnownFileType = sourcecode.c.objc; path = main.m; sourceTree = "<group>"; };
		48F2CC7A21A448D2006A6A26 /* SHClientInfoTests.xctest */ = {isa = PBXFileReference; explicitFileType = wrapper.cfbundle; includeInIndex = 0; path = SHClientInfoTests.xctest; sourceTree = BUILT_PRODUCTS_DIR; };
		48F2CC7E21A448D2006A6A26 /* SHClientInfoTests.m */ = {isa = PBXFileReference; lastKnownFileType = sourcecode.c.objc; path = SHClientInfoTests.m; sourceTree = "<group>"; };
		48F2CC8021A448D2006A6A26 /* Info.plist */ = {isa = PBXFileReference; lastKnownFileType = text.plist.xml; path = Info.plist; sourceTree = "<group>"; };
		48F2CC8521A448D2006A6A26 /* SHClientInfoUITests.xctest */ = {isa = PBXFileReference; explicitFileType = wrapper.cfbundle; includeInIndex = 0; path = SHClientInfoUITests.xctest; sourceTree = BUILT_PRODUCTS_DIR; };
		48F2CC8921A448D2006A6A26 /* SHClientInfoUITests.m */ = {isa = PBXFileReference; lastKnownFileType = sourcecode.c.objc; path = SHClientInfoUITests.m; sourceTree = "<group>"; };
		48F2CC8B21A448D2006A6A26 /* Info.plist */ = {isa = PBXFileReference; lastKnownFileType = text.plist.xml; path = Info.plist; sourceTree = "<group>"; };
		48F2CC9A21A4492F006A6A26 /* SHViewController.m */ = {isa = PBXFileReference; fileEncoding = 4; lastKnownFileType = sourcecode.c.objc; path = SHViewController.m; sourceTree = "<group>"; };
		48F2CC9B21A4492F006A6A26 /* SHViewController.h */ = {isa = PBXFileReference; fileEncoding = 4; lastKnownFileType = sourcecode.c.h; path = SHViewController.h; sourceTree = "<group>"; };
		48F2CCA021A4492F006A6A26 /* SHAppDelegate.h */ = {isa = PBXFileReference; fileEncoding = 4; lastKnownFileType = sourcecode.c.h; path = SHAppDelegate.h; sourceTree = "<group>"; };
		48F2CCA121A4492F006A6A26 /* SHAppDelegate.m */ = {isa = PBXFileReference; fileEncoding = 4; lastKnownFileType = sourcecode.c.objc; path = SHAppDelegate.m; sourceTree = "<group>"; };
		48F2CCA421A44F17006A6A26 /* SHInfoModel.h */ = {isa = PBXFileReference; lastKnownFileType = sourcecode.c.h; path = SHInfoModel.h; sourceTree = "<group>"; };
		48F2CCA521A44F17006A6A26 /* SHInfoModel.m */ = {isa = PBXFileReference; lastKnownFileType = sourcecode.c.objc; path = SHInfoModel.m; sourceTree = "<group>"; };
		48F2CCA721A45959006A6A26 /* SHDeviceInfoManager.h */ = {isa = PBXFileReference; lastKnownFileType = sourcecode.c.h; path = SHDeviceInfoManager.h; sourceTree = "<group>"; };
		48F2CCA821A45959006A6A26 /* SHDeviceInfoManager.m */ = {isa = PBXFileReference; lastKnownFileType = sourcecode.c.objc; path = SHDeviceInfoManager.m; sourceTree = "<group>"; };
		48F2CCAA21A459FE006A6A26 /* SHNetWorkInfoManager.h */ = {isa = PBXFileReference; lastKnownFileType = sourcecode.c.h; path = SHNetWorkInfoManager.h; sourceTree = "<group>"; };
		48F2CCAB21A459FE006A6A26 /* SHNetWorkInfoManager.m */ = {isa = PBXFileReference; lastKnownFileType = sourcecode.c.objc; path = SHNetWorkInfoManager.m; sourceTree = "<group>"; };
		48F2CCAD21A45A44006A6A26 /* SHBatteryInfoManager.h */ = {isa = PBXFileReference; lastKnownFileType = sourcecode.c.h; path = SHBatteryInfoManager.h; sourceTree = "<group>"; };
		48F2CCAE21A45A44006A6A26 /* SHBatteryInfoManager.m */ = {isa = PBXFileReference; lastKnownFileType = sourcecode.c.objc; path = SHBatteryInfoManager.m; sourceTree = "<group>"; };
		48F2CCB021A45AB0006A6A26 /* SHDeviceDataLibrery.h */ = {isa = PBXFileReference; lastKnownFileType = sourcecode.c.h; path = SHDeviceDataLibrery.h; sourceTree = "<group>"; };
		48F2CCB121A45AB0006A6A26 /* SHDeviceDataLibrery.m */ = {isa = PBXFileReference; lastKnownFileType = sourcecode.c.objc; path = SHDeviceDataLibrery.m; sourceTree = "<group>"; };
		48F2CCB321A4FD18006A6A26 /* SHClientModel.h */ = {isa = PBXFileReference; lastKnownFileType = sourcecode.c.h; path = SHClientModel.h; sourceTree = "<group>"; };
		48F2CCB421A4FD18006A6A26 /* SHClientModel.m */ = {isa = PBXFileReference; lastKnownFileType = sourcecode.c.objc; path = SHClientModel.m; sourceTree = "<group>"; };
		48F2CCB621A50376006A6A26 /* SHClientCell.h */ = {isa = PBXFileReference; lastKnownFileType = sourcecode.c.h; path = SHClientCell.h; sourceTree = "<group>"; };
		48F2CCB721A50376006A6A26 /* SHClientCell.m */ = {isa = PBXFileReference; lastKnownFileType = sourcecode.c.objc; path = SHClientCell.m; sourceTree = "<group>"; };
/* End PBXFileReference section */

/* Begin PBXFrameworksBuildPhase section */
		48F2CC5F21A448D1006A6A26 /* Frameworks */ = {
			isa = PBXFrameworksBuildPhase;
			buildActionMask = 2147483647;
			files = (
			);
			runOnlyForDeploymentPostprocessing = 0;
		};
		48F2CC7721A448D2006A6A26 /* Frameworks */ = {
			isa = PBXFrameworksBuildPhase;
			buildActionMask = 2147483647;
			files = (
			);
			runOnlyForDeploymentPostprocessing = 0;
		};
		48F2CC8221A448D2006A6A26 /* Frameworks */ = {
			isa = PBXFrameworksBuildPhase;
			buildActionMask = 2147483647;
			files = (
			);
			runOnlyForDeploymentPostprocessing = 0;
		};
/* End PBXFrameworksBuildPhase section */

/* Begin PBXGroup section */
		48F2CC5921A448D1006A6A26 = {
			isa = PBXGroup;
			children = (
				48F2CC6421A448D1006A6A26 /* SHClientInfo */,
				48F2CC7D21A448D2006A6A26 /* SHClientInfoTests */,
				48F2CC8821A448D2006A6A26 /* SHClientInfoUITests */,
				48F2CC6321A448D1006A6A26 /* Products */,
			);
			sourceTree = "<group>";
		};
		48F2CC6321A448D1006A6A26 /* Products */ = {
			isa = PBXGroup;
			children = (
				48F2CC6221A448D1006A6A26 /* SHClientInfo.app */,
				48F2CC7A21A448D2006A6A26 /* SHClientInfoTests.xctest */,
				48F2CC8521A448D2006A6A26 /* SHClientInfoUITests.xctest */,
			);
			name = Products;
			sourceTree = "<group>";
		};
		48F2CC6421A448D1006A6A26 /* SHClientInfo */ = {
			isa = PBXGroup;
			children = (
				48F2CC9721A4492F006A6A26 /* Classes */,
				48F2CC6B21A448D1006A6A26 /* Main.storyboard */,
				48F2CC6E21A448D2006A6A26 /* Assets.xcassets */,
				48F2CC7021A448D2006A6A26 /* LaunchScreen.storyboard */,
				48F2CC7321A448D2006A6A26 /* Info.plist */,
				48F2CC7421A448D2006A6A26 /* main.m */,
			);
			path = SHClientInfo;
			sourceTree = "<group>";
		};
		48F2CC7D21A448D2006A6A26 /* SHClientInfoTests */ = {
			isa = PBXGroup;
			children = (
				48F2CC7E21A448D2006A6A26 /* SHClientInfoTests.m */,
				48F2CC8021A448D2006A6A26 /* Info.plist */,
			);
			path = SHClientInfoTests;
			sourceTree = "<group>";
		};
		48F2CC8821A448D2006A6A26 /* SHClientInfoUITests */ = {
			isa = PBXGroup;
			children = (
				48F2CC8921A448D2006A6A26 /* SHClientInfoUITests.m */,
				48F2CC8B21A448D2006A6A26 /* Info.plist */,
			);
			path = SHClientInfoUITests;
			sourceTree = "<group>";
		};
		48F2CC9721A4492F006A6A26 /* Classes */ = {
			isa = PBXGroup;
			children = (
				48F2CC9821A4492F006A6A26 /* Home */,
				48F2CC9E21A4492F006A6A26 /* Tools */,
				48F2CC9F21A4492F006A6A26 /* Other */,
			);
			path = Classes;
			sourceTree = "<group>";
		};
		48F2CC9821A4492F006A6A26 /* Home */ = {
			isa = PBXGroup;
			children = (
				48F2CC9921A4492F006A6A26 /* Controller */,
				48F2CC9C21A4492F006A6A26 /* Model */,
				48F2CC9D21A4492F006A6A26 /* View */,
			);
			path = Home;
			sourceTree = "<group>";
		};
		48F2CC9921A4492F006A6A26 /* Controller */ = {
			isa = PBXGroup;
			children = (
				48F2CC9B21A4492F006A6A26 /* SHViewController.h */,
				48F2CC9A21A4492F006A6A26 /* SHViewController.m */,
			);
			path = Controller;
			sourceTree = "<group>";
		};
		48F2CC9C21A4492F006A6A26 /* Model */ = {
			isa = PBXGroup;
			children = (
				48F2CCA421A44F17006A6A26 /* SHInfoModel.h */,
				48F2CCA521A44F17006A6A26 /* SHInfoModel.m */,
				48F2CCB321A4FD18006A6A26 /* SHClientModel.h */,
				48F2CCB421A4FD18006A6A26 /* SHClientModel.m */,
			);
			path = Model;
			sourceTree = "<group>";
		};
		48F2CC9D21A4492F006A6A26 /* View */ = {
			isa = PBXGroup;
			children = (
				48F2CCB621A50376006A6A26 /* SHClientCell.h */,
				48F2CCB721A50376006A6A26 /* SHClientCell.m */,
			);
			path = View;
			sourceTree = "<group>";
		};
		48F2CC9E21A4492F006A6A26 /* Tools */ = {
			isa = PBXGroup;
			children = (
				48F2CCA721A45959006A6A26 /* SHDeviceInfoManager.h */,
				48F2CCA821A45959006A6A26 /* SHDeviceInfoManager.m */,
				48F2CCAA21A459FE006A6A26 /* SHNetWorkInfoManager.h */,
				48F2CCAB21A459FE006A6A26 /* SHNetWorkInfoManager.m */,
				48F2CCAD21A45A44006A6A26 /* SHBatteryInfoManager.h */,
				48F2CCAE21A45A44006A6A26 /* SHBatteryInfoManager.m */,
				48F2CCB021A45AB0006A6A26 /* SHDeviceDataLibrery.h */,
				48F2CCB121A45AB0006A6A26 /* SHDeviceDataLibrery.m */,
			);
			path = Tools;
			sourceTree = "<group>";
		};
		48F2CC9F21A4492F006A6A26 /* Other */ = {
			isa = PBXGroup;
			children = (
				48F2CCA021A4492F006A6A26 /* SHAppDelegate.h */,
				48F2CCA121A4492F006A6A26 /* SHAppDelegate.m */,
			);
			path = Other;
			sourceTree = "<group>";
		};
/* End PBXGroup section */

/* Begin PBXNativeTarget section */
		48F2CC6121A448D1006A6A26 /* SHClientInfo */ = {
			isa = PBXNativeTarget;
			buildConfigurationList = 48F2CC8E21A448D2006A6A26 /* Build configuration list for PBXNativeTarget "SHClientInfo" */;
			buildPhases = (
				48F2CC5E21A448D1006A6A26 /* Sources */,
				48F2CC5F21A448D1006A6A26 /* Frameworks */,
				48F2CC6021A448D1006A6A26 /* Resources */,
			);
			buildRules = (
			);
			dependencies = (
			);
			name = SHClientInfo;
			productName = SHClientInfo;
			productReference = 48F2CC6221A448D1006A6A26 /* SHClientInfo.app */;
			productType = "com.apple.product-type.application";
		};
		48F2CC7921A448D2006A6A26 /* SHClientInfoTests */ = {
			isa = PBXNativeTarget;
			buildConfigurationList = 48F2CC9121A448D2006A6A26 /* Build configuration list for PBXNativeTarget "SHClientInfoTests" */;
			buildPhases = (
				48F2CC7621A448D2006A6A26 /* Sources */,
				48F2CC7721A448D2006A6A26 /* Frameworks */,
				48F2CC7821A448D2006A6A26 /* Resources */,
			);
			buildRules = (
			);
			dependencies = (
				48F2CC7C21A448D2006A6A26 /* PBXTargetDependency */,
			);
			name = SHClientInfoTests;
			productName = SHClientInfoTests;
			productReference = 48F2CC7A21A448D2006A6A26 /* SHClientInfoTests.xctest */;
			productType = "com.apple.product-type.bundle.unit-test";
		};
		48F2CC8421A448D2006A6A26 /* SHClientInfoUITests */ = {
			isa = PBXNativeTarget;
			buildConfigurationList = 48F2CC9421A448D2006A6A26 /* Build configuration list for PBXNativeTarget "SHClientInfoUITests" */;
			buildPhases = (
				48F2CC8121A448D2006A6A26 /* Sources */,
				48F2CC8221A448D2006A6A26 /* Frameworks */,
				48F2CC8321A448D2006A6A26 /* Resources */,
			);
			buildRules = (
			);
			dependencies = (
				48F2CC8721A448D2006A6A26 /* PBXTargetDependency */,
			);
			name = SHClientInfoUITests;
			productName = SHClientInfoUITests;
			productReference = 48F2CC8521A448D2006A6A26 /* SHClientInfoUITests.xctest */;
			productType = "com.apple.product-type.bundle.ui-testing";
		};
/* End PBXNativeTarget section */

/* Begin PBXProject section */
		48F2CC5A21A448D1006A6A26 /* Project object */ = {
			isa = PBXProject;
			attributes = {
				LastUpgradeCheck = 1010;
				ORGANIZATIONNAME = "石虎";
				TargetAttributes = {
					48F2CC6121A448D1006A6A26 = {
						CreatedOnToolsVersion = 10.1;
					};
					48F2CC7921A448D2006A6A26 = {
						CreatedOnToolsVersion = 10.1;
						TestTargetID = 48F2CC6121A448D1006A6A26;
					};
					48F2CC8421A448D2006A6A26 = {
						CreatedOnToolsVersion = 10.1;
						TestTargetID = 48F2CC6121A448D1006A6A26;
					};
				};
			};
			buildConfigurationList = 48F2CC5D21A448D1006A6A26 /* Build configuration list for PBXProject "SHClientInfo" */;
			compatibilityVersion = "Xcode 9.3";
			developmentRegion = en;
			hasScannedForEncodings = 0;
			knownRegions = (
				en,
				Base,
			);
			mainGroup = 48F2CC5921A448D1006A6A26;
			productRefGroup = 48F2CC6321A448D1006A6A26 /* Products */;
			projectDirPath = "";
			projectRoot = "";
			targets = (
				48F2CC6121A448D1006A6A26 /* SHClientInfo */,
				48F2CC7921A448D2006A6A26 /* SHClientInfoTests */,
				48F2CC8421A448D2006A6A26 /* SHClientInfoUITests */,
			);
		};
/* End PBXProject section */

/* Begin PBXResourcesBuildPhase section */
		48F2CC6021A448D1006A6A26 /* Resources */ = {
			isa = PBXResourcesBuildPhase;
			buildActionMask = 2147483647;
			files = (
				48F2CC7221A448D2006A6A26 /* LaunchScreen.storyboard in Resources */,
				48F2CC6F21A448D2006A6A26 /* Assets.xcassets in Resources */,
				48F2CC6D21A448D1006A6A26 /* Main.storyboard in Resources */,
			);
			runOnlyForDeploymentPostprocessing = 0;
		};
		48F2CC7821A448D2006A6A26 /* Resources */ = {
			isa = PBXResourcesBuildPhase;
			buildActionMask = 2147483647;
			files = (
			);
			runOnlyForDeploymentPostprocessing = 0;
		};
		48F2CC8321A448D2006A6A26 /* Resources */ = {
			isa = PBXResourcesBuildPhase;
			buildActionMask = 2147483647;
			files = (
			);
			runOnlyForDeploymentPostprocessing = 0;
		};
/* End PBXResourcesBuildPhase section */

/* Begin PBXSourcesBuildPhase section */
		48F2CC5E21A448D1006A6A26 /* Sources */ = {
			isa = PBXSourcesBuildPhase;
			buildActionMask = 2147483647;
			files = (
				48F2CCA621A44F17006A6A26 /* SHInfoModel.m in Sources */,
				48F2CCAF21A45A44006A6A26 /* SHBatteryInfoManager.m in Sources */,
				48F2CCA221A4492F006A6A26 /* SHViewController.m in Sources */,
				48F2CC7521A448D2006A6A26 /* main.m in Sources */,
				48F2CCAC21A459FE006A6A26 /* SHNetWorkInfoManager.m in Sources */,
				48F2CCA321A4492F006A6A26 /* SHAppDelegate.m in Sources */,
				48F2CCB221A45AB0006A6A26 /* SHDeviceDataLibrery.m in Sources */,
				48F2CCA921A45959006A6A26 /* SHDeviceInfoManager.m in Sources */,
				48F2CCB521A4FD18006A6A26 /* SHClientModel.m in Sources */,
				48F2CCB821A50376006A6A26 /* SHClientCell.m in Sources */,
			);
			runOnlyForDeploymentPostprocessing = 0;
		};
		48F2CC7621A448D2006A6A26 /* Sources */ = {
			isa = PBXSourcesBuildPhase;
			buildActionMask = 2147483647;
			files = (
				48F2CC7F21A448D2006A6A26 /* SHClientInfoTests.m in Sources */,
			);
			runOnlyForDeploymentPostprocessing = 0;
		};
		48F2CC8121A448D2006A6A26 /* Sources */ = {
			isa = PBXSourcesBuildPhase;
			buildActionMask = 2147483647;
			files = (
				48F2CC8A21A448D2006A6A26 /* SHClientInfoUITests.m in Sources */,
			);
			runOnlyForDeploymentPostprocessing = 0;
		};
/* End PBXSourcesBuildPhase section */

/* Begin PBXTargetDependency section */
		48F2CC7C21A448D2006A6A26 /* PBXTargetDependency */ = {
			isa = PBXTargetDependency;
			target = 48F2CC6121A448D1006A6A26 /* SHClientInfo */;
			targetProxy = 48F2CC7B21A448D2006A6A26 /* PBXContainerItemProxy */;
		};
		48F2CC8721A448D2006A6A26 /* PBXTargetDependency */ = {
			isa = PBXTargetDependency;
			target = 48F2CC6121A448D1006A6A26 /* SHClientInfo */;
			targetProxy = 48F2CC8621A448D2006A6A26 /* PBXContainerItemProxy */;
		};
/* End PBXTargetDependency section */

/* Begin PBXVariantGroup section */
		48F2CC6B21A448D1006A6A26 /* Main.storyboard */ = {
			isa = PBXVariantGroup;
			children = (
				48F2CC6C21A448D1006A6A26 /* Base */,
			);
			name = Main.storyboard;
			sourceTree = "<group>";
		};
		48F2CC7021A448D2006A6A26 /* LaunchScreen.storyboard */ = {
			isa = PBXVariantGroup;
			children = (
				48F2CC7121A448D2006A6A26 /* Base */,
			);
			name = LaunchScreen.storyboard;
			sourceTree = "<group>";
		};
/* End PBXVariantGroup section */

/* Begin XCBuildConfiguration section */
		48F2CC8C21A448D2006A6A26 /* Debug */ = {
			isa = XCBuildConfiguration;
			buildSettings = {
				ALWAYS_SEARCH_USER_PATHS = NO;
				CLANG_ANALYZER_NONNULL = YES;
				CLANG_ANALYZER_NUMBER_OBJECT_CONVERSION = YES_AGGRESSIVE;
				CLANG_CXX_LANGUAGE_STANDARD = "gnu++14";
				CLANG_CXX_LIBRARY = "libc++";
				CLANG_ENABLE_MODULES = YES;
				CLANG_ENABLE_OBJC_ARC = YES;
				CLANG_ENABLE_OBJC_WEAK = YES;
				CLANG_WARN_BLOCK_CAPTURE_AUTORELEASING = YES;
				CLANG_WARN_BOOL_CONVERSION = YES;
				CLANG_WARN_COMMA = YES;
				CLANG_WARN_CONSTANT_CONVERSION = YES;
				CLANG_WARN_DEPRECATED_OBJC_IMPLEMENTATIONS = YES;
				CLANG_WARN_DIRECT_OBJC_ISA_USAGE = YES_ERROR;
				CLANG_WARN_DOCUMENTATION_COMMENTS = YES;
				CLANG_WARN_EMPTY_BODY = YES;
				CLANG_WARN_ENUM_CONVERSION = YES;
				CLANG_WARN_INFINITE_RECURSION = YES;
				CLANG_WARN_INT_CONVERSION = YES;
				CLANG_WARN_NON_LITERAL_NULL_CONVERSION = YES;
				CLANG_WARN_OBJC_IMPLICIT_RETAIN_SELF = YES;
				CLANG_WARN_OBJC_LITERAL_CONVERSION = YES;
				CLANG_WARN_OBJC_ROOT_CLASS = YES_ERROR;
				CLANG_WARN_RANGE_LOOP_ANALYSIS = YES;
				CLANG_WARN_STRICT_PROTOTYPES = YES;
				CLANG_WARN_SUSPICIOUS_MOVE = YES;
				CLANG_WARN_UNGUARDED_AVAILABILITY = YES_AGGRESSIVE;
				CLANG_WARN_UNREACHABLE_CODE = YES;
				CLANG_WARN__DUPLICATE_METHOD_MATCH = YES;
				CODE_SIGN_IDENTITY = "iPhone Developer";
				COPY_PHASE_STRIP = NO;
				DEBUG_INFORMATION_FORMAT = dwarf;
				ENABLE_STRICT_OBJC_MSGSEND = YES;
				ENABLE_TESTABILITY = YES;
				GCC_C_LANGUAGE_STANDARD = gnu11;
				GCC_DYNAMIC_NO_PIC = NO;
				GCC_NO_COMMON_BLOCKS = YES;
				GCC_OPTIMIZATION_LEVEL = 0;
				GCC_PREPROCESSOR_DEFINITIONS = (
					"DEBUG=1",
					"$(inherited)",
				);
				GCC_WARN_64_TO_32_BIT_CONVERSION = YES;
				GCC_WARN_ABOUT_RETURN_TYPE = YES_ERROR;
				GCC_WARN_UNDECLARED_SELECTOR = YES;
				GCC_WARN_UNINITIALIZED_AUTOS = YES_AGGRESSIVE;
				GCC_WARN_UNUSED_FUNCTION = YES;
				GCC_WARN_UNUSED_VARIABLE = YES;
				IPHONEOS_DEPLOYMENT_TARGET = 12.1;
				MTL_ENABLE_DEBUG_INFO = INCLUDE_SOURCE;
				MTL_FAST_MATH = YES;
				ONLY_ACTIVE_ARCH = YES;
				SDKROOT = iphoneos;
			};
			name = Debug;
		};
		48F2CC8D21A448D2006A6A26 /* Release */ = {
			isa = XCBuildConfiguration;
			buildSettings = {
				ALWAYS_SEARCH_USER_PATHS = NO;
				CLANG_ANALYZER_NONNULL = YES;
				CLANG_ANALYZER_NUMBER_OBJECT_CONVERSION = YES_AGGRESSIVE;
				CLANG_CXX_LANGUAGE_STANDARD = "gnu++14";
				CLANG_CXX_LIBRARY = "libc++";
				CLANG_ENABLE_MODULES = YES;
				CLANG_ENABLE_OBJC_ARC = YES;
				CLANG_ENABLE_OBJC_WEAK = YES;
				CLANG_WARN_BLOCK_CAPTURE_AUTORELEASING = YES;
				CLANG_WARN_BOOL_CONVERSION = YES;
				CLANG_WARN_COMMA = YES;
				CLANG_WARN_CONSTANT_CONVERSION = YES;
				CLANG_WARN_DEPRECATED_OBJC_IMPLEMENTATIONS = YES;
				CLANG_WARN_DIRECT_OBJC_ISA_USAGE = YES_ERROR;
				CLANG_WARN_DOCUMENTATION_COMMENTS = YES;
				CLANG_WARN_EMPTY_BODY = YES;
				CLANG_WARN_ENUM_CONVERSION = YES;
				CLANG_WARN_INFINITE_RECURSION = YES;
				CLANG_WARN_INT_CONVERSION = YES;
				CLANG_WARN_NON_LITERAL_NULL_CONVERSION = YES;
				CLANG_WARN_OBJC_IMPLICIT_RETAIN_SELF = YES;
				CLANG_WARN_OBJC_LITERAL_CONVERSION = YES;
				CLANG_WARN_OBJC_ROOT_CLASS = YES_ERROR;
				CLANG_WARN_RANGE_LOOP_ANALYSIS = YES;
				CLANG_WARN_STRICT_PROTOTYPES = YES;
				CLANG_WARN_SUSPICIOUS_MOVE = YES;
				CLANG_WARN_UNGUARDED_AVAILABILITY = YES_AGGRESSIVE;
				CLANG_WARN_UNREACHABLE_CODE = YES;
				CLANG_WARN__DUPLICATE_METHOD_MATCH = YES;
				CODE_SIGN_IDENTITY = "iPhone Developer";
				COPY_PHASE_STRIP = NO;
				DEBUG_INFORMATION_FORMAT = "dwarf-with-dsym";
				ENABLE_NS_ASSERTIONS = NO;
				ENABLE_STRICT_OBJC_MSGSEND = YES;
				GCC_C_LANGUAGE_STANDARD = gnu11;
				GCC_NO_COMMON_BLOCKS = YES;
				GCC_WARN_64_TO_32_BIT_CONVERSION = YES;
				GCC_WARN_ABOUT_RETURN_TYPE = YES_ERROR;
				GCC_WARN_UNDECLARED_SELECTOR = YES;
				GCC_WARN_UNINITIALIZED_AUTOS = YES_AGGRESSIVE;
				GCC_WARN_UNUSED_FUNCTION = YES;
				GCC_WARN_UNUSED_VARIABLE = YES;
				IPHONEOS_DEPLOYMENT_TARGET = 12.1;
				MTL_ENABLE_DEBUG_INFO = NO;
				MTL_FAST_MATH = YES;
				SDKROOT = iphoneos;
				VALIDATE_PRODUCT = YES;
			};
			name = Release;
		};
		48F2CC8F21A448D2006A6A26 /* Debug */ = {
			isa = XCBuildConfiguration;
			buildSettings = {
				ASSETCATALOG_COMPILER_APPICON_NAME = AppIcon;
				CODE_SIGN_STYLE = Automatic;
				DEVELOPMENT_TEAM = V2RZ63X6NC;
				INFOPLIST_FILE = SHClientInfo/Info.plist;
				LD_RUNPATH_SEARCH_PATHS = (
					"$(inherited)",
					"@executable_path/Frameworks",
				);
				PRODUCT_BUNDLE_IDENTIFIER = cn.shihu.SHClientInfo;
				PRODUCT_NAME = "$(TARGET_NAME)";
				TARGETED_DEVICE_FAMILY = "1,2";
			};
			name = Debug;
		};
		48F2CC9021A448D2006A6A26 /* Release */ = {
			isa = XCBuildConfiguration;
			buildSettings = {
				ASSETCATALOG_COMPILER_APPICON_NAME = AppIcon;
				CODE_SIGN_STYLE = Automatic;
				DEVELOPMENT_TEAM = V2RZ63X6NC;
				INFOPLIST_FILE = SHClientInfo/Info.plist;
				LD_RUNPATH_SEARCH_PATHS = (
					"$(inherited)",
					"@executable_path/Frameworks",
				);
				PRODUCT_BUNDLE_IDENTIFIER = cn.shihu.SHClientInfo;
				PRODUCT_NAME = "$(TARGET_NAME)";
				TARGETED_DEVICE_FAMILY = "1,2";
			};
			name = Release;
		};
		48F2CC9221A448D2006A6A26 /* Debug */ = {
			isa = XCBuildConfiguration;
			buildSettings = {
				BUNDLE_LOADER = "$(TEST_HOST)";
				CODE_SIGN_STYLE = Automatic;
				DEVELOPMENT_TEAM = V2RZ63X6NC;
				INFOPLIST_FILE = SHClientInfoTests/Info.plist;
				LD_RUNPATH_SEARCH_PATHS = (
					"$(inherited)",
					"@executable_path/Frameworks",
					"@loader_path/Frameworks",
				);
				PRODUCT_BUNDLE_IDENTIFIER = cn.shihu.SHClientInfoTests;
				PRODUCT_NAME = "$(TARGET_NAME)";
				TARGETED_DEVICE_FAMILY = "1,2";
				TEST_HOST = "$(BUILT_PRODUCTS_DIR)/SHClientInfo.app/SHClientInfo";
			};
			name = Debug;
		};
		48F2CC9321A448D2006A6A26 /* Release */ = {
			isa = XCBuildConfiguration;
			buildSettings = {
				BUNDLE_LOADER = "$(TEST_HOST)";
				CODE_SIGN_STYLE = Automatic;
				DEVELOPMENT_TEAM = V2RZ63X6NC;
				INFOPLIST_FILE = SHClientInfoTests/Info.plist;
				LD_RUNPATH_SEARCH_PATHS = (
					"$(inherited)",
					"@executable_path/Frameworks",
					"@loader_path/Frameworks",
				);
				PRODUCT_BUNDLE_IDENTIFIER = cn.shihu.SHClientInfoTests;
				PRODUCT_NAME = "$(TARGET_NAME)";
				TARGETED_DEVICE_FAMILY = "1,2";
				TEST_HOST = "$(BUILT_PRODUCTS_DIR)/SHClientInfo.app/SHClientInfo";
			};
			name = Release;
		};
		48F2CC9521A448D2006A6A26 /* Debug */ = {
			isa = XCBuildConfiguration;
			buildSettings = {
				CODE_SIGN_STYLE = Automatic;
				DEVELOPMENT_TEAM = V2RZ63X6NC;
				INFOPLIST_FILE = SHClientInfoUITests/Info.plist;
				LD_RUNPATH_SEARCH_PATHS = (
					"$(inherited)",
					"@executable_path/Frameworks",
					"@loader_path/Frameworks",
				);
				PRODUCT_BUNDLE_IDENTIFIER = cn.shihu.SHClientInfoUITests;
				PRODUCT_NAME = "$(TARGET_NAME)";
				TARGETED_DEVICE_FAMILY = "1,2";
				TEST_TARGET_NAME = SHClientInfo;
			};
			name = Debug;
		};
		48F2CC9621A448D2006A6A26 /* Release */ = {
			isa = XCBuildConfiguration;
			buildSettings = {
				CODE_SIGN_STYLE = Automatic;
				DEVELOPMENT_TEAM = V2RZ63X6NC;
				INFOPLIST_FILE = SHClientInfoUITests/Info.plist;
				LD_RUNPATH_SEARCH_PATHS = (
					"$(inherited)",
					"@executable_path/Frameworks",
					"@loader_path/Frameworks",
				);
				PRODUCT_BUNDLE_IDENTIFIER = cn.shihu.SHClientInfoUITests;
				PRODUCT_NAME = "$(TARGET_NAME)";
				TARGETED_DEVICE_FAMILY = "1,2";
				TEST_TARGET_NAME = SHClientInfo;
			};
			name = Release;
		};
/* End XCBuildConfiguration section */

/* Begin XCConfigurationList section */
		48F2CC5D21A448D1006A6A26 /* Build configuration list for PBXProject "SHClientInfo" */ = {
			isa = XCConfigurationList;
			buildConfigurations = (
				48F2CC8C21A448D2006A6A26 /* Debug */,
				48F2CC8D21A448D2006A6A26 /* Release */,
			);
			defaultConfigurationIsVisible = 0;
			defaultConfigurationName = Release;
		};
		48F2CC8E21A448D2006A6A26 /* Build configuration list for PBXNativeTarget "SHClientInfo" */ = {
			isa = XCConfigurationList;
			buildConfigurations = (
				48F2CC8F21A448D2006A6A26 /* Debug */,
				48F2CC9021A448D2006A6A26 /* Release */,
			);
			defaultConfigurationIsVisible = 0;
			defaultConfigurationName = Release;
		};
		48F2CC9121A448D2006A6A26 /* Build configuration list for PBXNativeTarget "SHClientInfoTests" */ = {
			isa = XCConfigurationList;
			buildConfigurations = (
				48F2CC9221A448D2006A6A26 /* Debug */,
				48F2CC9321A448D2006A6A26 /* Release */,
			);
			defaultConfigurationIsVisible = 0;
			defaultConfigurationName = Release;
		};
		48F2CC9421A448D2006A6A26 /* Build configuration list for PBXNativeTarget "SHClientInfoUITests" */ = {
			isa = XCConfigurationList;
			buildConfigurations = (
				48F2CC9521A448D2006A6A26 /* Debug */,
				48F2CC9621A448D2006A6A26 /* Release */,
			);
			defaultConfigurationIsVisible = 0;
			defaultConfigurationName = Release;
		};
/* End XCConfigurationList section */
	};
	rootObject = 48F2CC5A21A448D1006A6A26 /* Project object */;
}
